
Microsoft Visual Studio Solution File, Format Version 12.00
# Visual Studio Version 17
VisualStudioVersion = 17.11.35312.102
MinimumVisualStudioVersion = 10.0.40219.1
Project("{FAE04EC0-301F-11D3-BF4B-00C04F79EFBC}") = "ConsoleApp628", "ConsoleApp628.csproj", "{6EE7DD1A-BC39-4A9A-B0BB-24E0991D164C}"
EndProject
Global
	GlobalSection(SolutionConfigurationPlatforms) = preSolution
		Debug|Any CPU = Debug|Any CPU
		Release|Any CPU = Release|Any CPU
	EndGlobalSection
	GlobalSection(ProjectConfigurationPlatforms) = postSolution
		{6EE7DD1A-BC39-4A9A-B0BB-24E0991D164C}.Debug|Any CPU.ActiveCfg = Debug|Any CPU
		{6EE7DD1A-BC39-4A9A-B0BB-24E0991D164C}.Debug|Any CPU.Build.0 = Debug|Any CPU
		{6EE7DD1A-BC39-4A9A-B0BB-24E0991D164C}.Release|Any CPU.ActiveCfg = Release|Any CPU
		{6EE7DD1A-BC39-4A9A-B0BB-24E0991D164C}.Release|Any CPU.Build.0 = Release|Any CPU
	EndGlobalSection
	GlobalSection(SolutionProperties) = preSolution
		HideSolutionNode = FALSE
	EndGlobalSection
	GlobalSection(ExtensibilityGlobals) = postSolution
		SolutionGuid = {5AB454F0-ACCE-45D1-97AC-46C9985FC064}
	EndGlobalSection
EndGlobal
